
Microsoft Visual Studio Solution File, Format Version 12.00
# Visual Studio Version 17
VisualStudioVersion = 17.0.31903.59
MinimumVisualStudioVersion = 10.0.40219.1
Project("{FAE04EC0-301F-11D3-BF4B-00C04F79EFBC}") = "URI-Solutions", "URI-Solutions\URI-Solutions.csproj", "{D1554011-A87F-4958-B354-88F2E27493B3}"
EndProject
Project("{FAE04EC0-301F-11D3-BF4B-00C04F79EFBC}") = "HackerRank", "HackerRank\HackerRank.csproj", "{76A2F0E0-AC41-46AA-A547-01385C518927}"
EndProject
Project("{FAE04EC0-301F-11D3-BF4B-00C04F79EFBC}") = "LeetCode", "LeetCode\LeetCode.csproj", "{4A717999-7899-468D-8AAF-136034CFCD65}"
EndProject
Global
	GlobalSection(SolutionConfigurationPlatforms) = preSolution
		Debug|Any CPU = Debug|Any CPU
		Release|Any CPU = Release|Any CPU
	EndGlobalSection
	GlobalSection(SolutionProperties) = preSolution
		HideSolutionNode = FALSE
	EndGlobalSection
	GlobalSection(ProjectConfigurationPlatforms) = postSolution
		{D1554011-A87F-4958-B354-88F2E27493B3}.Debug|Any CPU.ActiveCfg = Debug|Any CPU
		{D1554011-A87F-4958-B354-88F2E27493B3}.Debug|Any CPU.Build.0 = Debug|Any CPU
		{D1554011-A87F-4958-B354-88F2E27493B3}.Release|Any CPU.ActiveCfg = Release|Any CPU
		{D1554011-A87F-4958-B354-88F2E27493B3}.Release|Any CPU.Build.0 = Release|Any CPU
		{76A2F0E0-AC41-46AA-A547-01385C518927}.Debug|Any CPU.ActiveCfg = Debug|Any CPU
		{76A2F0E0-AC41-46AA-A547-01385C518927}.Debug|Any CPU.Build.0 = Debug|Any CPU
		{76A2F0E0-AC41-46AA-A547-01385C518927}.Release|Any CPU.ActiveCfg = Release|Any CPU
		{76A2F0E0-AC41-46AA-A547-01385C518927}.Release|Any CPU.Build.0 = Release|Any CPU
		{4A717999-7899-468D-8AAF-136034CFCD65}.Debug|Any CPU.ActiveCfg = Debug|Any CPU
		{4A717999-7899-468D-8AAF-136034CFCD65}.Debug|Any CPU.Build.0 = Debug|Any CPU
		{4A717999-7899-468D-8AAF-136034CFCD65}.Release|Any CPU.ActiveCfg = Release|Any CPU
		{4A717999-7899-468D-8AAF-136034CFCD65}.Release|Any CPU.Build.0 = Release|Any CPU
	EndGlobalSection
EndGlobal
